// !$*UTF8*$!
{
	archiveVersion = 1;
	classes = {
	};
	objectVersion = 50;
	objects = {

/* Begin PBXBuildFile section */
		B95E79A925DDF2B100DDBC44 /* BookDetail.swift in Sources */ = {isa = PBXBuildFile; fileRef = B95E79A825DDF2B100DDBC44 /* BookDetail.swift */; };
		B95E79B225DE205000DDBC44 /* BookDetailImageInfoTableViewCell.swift in Sources */ = {isa = PBXBuildFile; fileRef = B95E79B125DE205000DDBC44 /* BookDetailImageInfoTableViewCell.swift */; };
		B95E9E7D25DEE6D0008ED958 /* BookPriceDescTableViewCell.swift in Sources */ = {isa = PBXBuildFile; fileRef = B95E9E7C25DEE6D0008ED958 /* BookPriceDescTableViewCell.swift */; };
		B96CB16A25DDB58A008874CF /* DetailBookViewController.swift in Sources */ = {isa = PBXBuildFile; fileRef = B96CB16925DDB58A008874CF /* DetailBookViewController.swift */; };
		B9756B4925DCBC06000B012C /* BookImageView.swift in Sources */ = {isa = PBXBuildFile; fileRef = B9756B4825DCBC06000B012C /* BookImageView.swift */; };
		B97B6B7425DAED0500972895 /* AppDelegate.swift in Sources */ = {isa = PBXBuildFile; fileRef = B97B6B7325DAED0500972895 /* AppDelegate.swift */; };
		B97B6B7625DAED0500972895 /* SceneDelegate.swift in Sources */ = {isa = PBXBuildFile; fileRef = B97B6B7525DAED0500972895 /* SceneDelegate.swift */; };
		B97B6B7825DAED0500972895 /* SearchViewController.swift in Sources */ = {isa = PBXBuildFile; fileRef = B97B6B7725DAED0500972895 /* SearchViewController.swift */; };
		B97B6B7D25DAED0700972895 /* Assets.xcassets in Resources */ = {isa = PBXBuildFile; fileRef = B97B6B7C25DAED0700972895 /* Assets.xcassets */; };
		B97B6B8025DAED0700972895 /* LaunchScreen.storyboard in Resources */ = {isa = PBXBuildFile; fileRef = B97B6B7E25DAED0700972895 /* LaunchScreen.storyboard */; };
		B97B6B8B25DAED0700972895 /* My_BookshelfTests.swift in Sources */ = {isa = PBXBuildFile; fileRef = B97B6B8A25DAED0700972895 /* My_BookshelfTests.swift */; };
		B97B6B9625DAED0700972895 /* My_BookshelfUITests.swift in Sources */ = {isa = PBXBuildFile; fileRef = B97B6B9525DAED0700972895 /* My_BookshelfUITests.swift */; };
		B97B6BA725DAEFE400972895 /* BookInfoTableViewCell.swift in Sources */ = {isa = PBXBuildFile; fileRef = B97B6BA625DAEFE400972895 /* BookInfoTableViewCell.swift */; };
		B97B6BC025DB4A5C00972895 /* BookInfoDataTest.swift in Sources */ = {isa = PBXBuildFile; fileRef = B97B6BBF25DB4A5C00972895 /* BookInfoDataTest.swift */; };
		B97B6BC625DB4E0400972895 /* BookInfo.swift in Sources */ = {isa = PBXBuildFile; fileRef = B97B6BC525DB4E0400972895 /* BookInfo.swift */; };
		B97B6BCE25DB51D000972895 /* RequestBookInfo.swift in Sources */ = {isa = PBXBuildFile; fileRef = B97B6BCD25DB51D000972895 /* RequestBookInfo.swift */; };
		B9EC858A25E0B5CF002BFA19 /* BooksListViewModel.swift in Sources */ = {isa = PBXBuildFile; fileRef = B9EC858925E0B5CF002BFA19 /* BooksListViewModel.swift */; };
/* End PBXBuildFile section */

/* Begin PBXContainerItemProxy section */
		B97B6B8725DAED0700972895 /* PBXContainerItemProxy */ = {
			isa = PBXContainerItemProxy;
			containerPortal = B97B6B6825DAED0500972895 /* Project object */;
			proxyType = 1;
			remoteGlobalIDString = B97B6B6F25DAED0500972895;
			remoteInfo = "My Bookshelf";
		};
		B97B6B9225DAED0700972895 /* PBXContainerItemProxy */ = {
			isa = PBXContainerItemProxy;
			containerPortal = B97B6B6825DAED0500972895 /* Project object */;
			proxyType = 1;
			remoteGlobalIDString = B97B6B6F25DAED0500972895;
			remoteInfo = "My Bookshelf";
		};
/* End PBXContainerItemProxy section */

/* Begin PBXFileReference section */
		B95E79A825DDF2B100DDBC44 /* BookDetail.swift */ = {isa = PBXFileReference; lastKnownFileType = sourcecode.swift; path = BookDetail.swift; sourceTree = "<group>"; };
		B95E79B125DE205000DDBC44 /* BookDetailImageInfoTableViewCell.swift */ = {isa = PBXFileReference; lastKnownFileType = sourcecode.swift; path = BookDetailImageInfoTableViewCell.swift; sourceTree = "<group>"; };
		B95E9E7C25DEE6D0008ED958 /* BookPriceDescTableViewCell.swift */ = {isa = PBXFileReference; lastKnownFileType = sourcecode.swift; path = BookPriceDescTableViewCell.swift; sourceTree = "<group>"; };
		B96CB16925DDB58A008874CF /* DetailBookViewController.swift */ = {isa = PBXFileReference; lastKnownFileType = sourcecode.swift; path = DetailBookViewController.swift; sourceTree = "<group>"; };
		B9756B4825DCBC06000B012C /* BookImageView.swift */ = {isa = PBXFileReference; lastKnownFileType = sourcecode.swift; path = BookImageView.swift; sourceTree = "<group>"; };
		B97B6B7025DAED0500972895 /* My Bookshelf.app */ = {isa = PBXFileReference; explicitFileType = wrapper.application; includeInIndex = 0; path = "My Bookshelf.app"; sourceTree = BUILT_PRODUCTS_DIR; };
		B97B6B7325DAED0500972895 /* AppDelegate.swift */ = {isa = PBXFileReference; lastKnownFileType = sourcecode.swift; path = AppDelegate.swift; sourceTree = "<group>"; };
		B97B6B7525DAED0500972895 /* SceneDelegate.swift */ = {isa = PBXFileReference; lastKnownFileType = sourcecode.swift; path = SceneDelegate.swift; sourceTree = "<group>"; };
		B97B6B7725DAED0500972895 /* SearchViewController.swift */ = {isa = PBXFileReference; lastKnownFileType = sourcecode.swift; path = SearchViewController.swift; sourceTree = "<group>"; };
		B97B6B7C25DAED0700972895 /* Assets.xcassets */ = {isa = PBXFileReference; lastKnownFileType = folder.assetcatalog; path = Assets.xcassets; sourceTree = "<group>"; };
		B97B6B7F25DAED0700972895 /* Base */ = {isa = PBXFileReference; lastKnownFileType = file.storyboard; name = Base; path = Base.lproj/LaunchScreen.storyboard; sourceTree = "<group>"; };
		B97B6B8125DAED0700972895 /* Info.plist */ = {isa = PBXFileReference; lastKnownFileType = text.plist.xml; path = Info.plist; sourceTree = "<group>"; };
		B97B6B8625DAED0700972895 /* My BookshelfTests.xctest */ = {isa = PBXFileReference; explicitFileType = wrapper.cfbundle; includeInIndex = 0; path = "My BookshelfTests.xctest"; sourceTree = BUILT_PRODUCTS_DIR; };
		B97B6B8A25DAED0700972895 /* My_BookshelfTests.swift */ = {isa = PBXFileReference; lastKnownFileType = sourcecode.swift; path = My_BookshelfTests.swift; sourceTree = "<group>"; };
		B97B6B8C25DAED0700972895 /* Info.plist */ = {isa = PBXFileReference; lastKnownFileType = text.plist.xml; path = Info.plist; sourceTree = "<group>"; };
		B97B6B9125DAED0700972895 /* My BookshelfUITests.xctest */ = {isa = PBXFileReference; explicitFileType = wrapper.cfbundle; includeInIndex = 0; path = "My BookshelfUITests.xctest"; sourceTree = BUILT_PRODUCTS_DIR; };
		B97B6B9525DAED0700972895 /* My_BookshelfUITests.swift */ = {isa = PBXFileReference; lastKnownFileType = sourcecode.swift; path = My_BookshelfUITests.swift; sourceTree = "<group>"; };
		B97B6B9725DAED0700972895 /* Info.plist */ = {isa = PBXFileReference; lastKnownFileType = text.plist.xml; path = Info.plist; sourceTree = "<group>"; };
		B97B6BA625DAEFE400972895 /* BookInfoTableViewCell.swift */ = {isa = PBXFileReference; lastKnownFileType = sourcecode.swift; path = BookInfoTableViewCell.swift; sourceTree = "<group>"; };
		B97B6BBF25DB4A5C00972895 /* BookInfoDataTest.swift */ = {isa = PBXFileReference; lastKnownFileType = sourcecode.swift; path = BookInfoDataTest.swift; sourceTree = "<group>"; };
		B97B6BC525DB4E0400972895 /* BookInfo.swift */ = {isa = PBXFileReference; lastKnownFileType = sourcecode.swift; path = BookInfo.swift; sourceTree = "<group>"; };
		B97B6BCD25DB51D000972895 /* RequestBookInfo.swift */ = {isa = PBXFileReference; lastKnownFileType = sourcecode.swift; path = RequestBookInfo.swift; sourceTree = "<group>"; };
		B9EC858925E0B5CF002BFA19 /* BooksListViewModel.swift */ = {isa = PBXFileReference; lastKnownFileType = sourcecode.swift; path = BooksListViewModel.swift; sourceTree = "<group>"; };
/* End PBXFileReference section */

/* Begin PBXFrameworksBuildPhase section */
		B97B6B6D25DAED0500972895 /* Frameworks */ = {
			isa = PBXFrameworksBuildPhase;
			buildActionMask = 2147483647;
			files = (
			);
			runOnlyForDeploymentPostprocessing = 0;
		};
		B97B6B8325DAED0700972895 /* Frameworks */ = {
			isa = PBXFrameworksBuildPhase;
			buildActionMask = 2147483647;
			files = (
			);
			runOnlyForDeploymentPostprocessing = 0;
		};
		B97B6B8E25DAED0700972895 /* Frameworks */ = {
			isa = PBXFrameworksBuildPhase;
			buildActionMask = 2147483647;
			files = (
			);
			runOnlyForDeploymentPostprocessing = 0;
		};
/* End PBXFrameworksBuildPhase section */

/* Begin PBXGroup section */
		B959439025E0A93100C4D5E2 /* ViewModel */ = {
			isa = PBXGroup;
			children = (
				B97B6BCD25DB51D000972895 /* RequestBookInfo.swift */,
				B9EC858925E0B5CF002BFA19 /* BooksListViewModel.swift */,
			);
			path = ViewModel;
			sourceTree = "<group>";
		};
		B95E79B025DE0B6F00DDBC44 /* Cells */ = {
			isa = PBXGroup;
			children = (
				B97B6BA625DAEFE400972895 /* BookInfoTableViewCell.swift */,
				B95E79B125DE205000DDBC44 /* BookDetailImageInfoTableViewCell.swift */,
				B95E9E7C25DEE6D0008ED958 /* BookPriceDescTableViewCell.swift */,
			);
			path = Cells;
			sourceTree = "<group>";
		};
		B95E79B625DE23AE00DDBC44 /* ViewControllers */ = {
			isa = PBXGroup;
			children = (
				B97B6B7725DAED0500972895 /* SearchViewController.swift */,
				B96CB16925DDB58A008874CF /* DetailBookViewController.swift */,
			);
			path = ViewControllers;
			sourceTree = "<group>";
		};
		B95E9E8425DF8363008ED958 /* Helpers */ = {
			isa = PBXGroup;
			children = (
				B9756B4825DCBC06000B012C /* BookImageView.swift */,
			);
			path = Helpers;
			sourceTree = "<group>";
		};
		B97B6B6725DAED0500972895 = {
			isa = PBXGroup;
			children = (
				B97B6B7225DAED0500972895 /* My Bookshelf */,
				B97B6B8925DAED0700972895 /* My BookshelfTests */,
				B97B6B9425DAED0700972895 /* My BookshelfUITests */,
				B97B6B7125DAED0500972895 /* Products */,
			);
			sourceTree = "<group>";
		};
		B97B6B7125DAED0500972895 /* Products */ = {
			isa = PBXGroup;
			children = (
				B97B6B7025DAED0500972895 /* My Bookshelf.app */,
				B97B6B8625DAED0700972895 /* My BookshelfTests.xctest */,
				B97B6B9125DAED0700972895 /* My BookshelfUITests.xctest */,
			);
			name = Products;
			sourceTree = "<group>";
		};
		B97B6B7225DAED0500972895 /* My Bookshelf */ = {
			isa = PBXGroup;
			children = (
				B959439025E0A93100C4D5E2 /* ViewModel */,
				B95E9E8425DF8363008ED958 /* Helpers */,
				B95E79B625DE23AE00DDBC44 /* ViewControllers */,
				B95E79B025DE0B6F00DDBC44 /* Cells */,
				B97B6BC425DB4DD600972895 /* Model */,
				B97B6B7325DAED0500972895 /* AppDelegate.swift */,
				B97B6B7525DAED0500972895 /* SceneDelegate.swift */,
				B97B6B7C25DAED0700972895 /* Assets.xcassets */,
				B97B6B7E25DAED0700972895 /* LaunchScreen.storyboard */,
				B97B6B8125DAED0700972895 /* Info.plist */,
			);
			path = "My Bookshelf";
			sourceTree = "<group>";
		};
		B97B6B8925DAED0700972895 /* My BookshelfTests */ = {
			isa = PBXGroup;
			children = (
				B97B6B8A25DAED0700972895 /* My_BookshelfTests.swift */,
				B97B6B8C25DAED0700972895 /* Info.plist */,
				B97B6BBF25DB4A5C00972895 /* BookInfoDataTest.swift */,
			);
			path = "My BookshelfTests";
			sourceTree = "<group>";
		};
		B97B6B9425DAED0700972895 /* My BookshelfUITests */ = {
			isa = PBXGroup;
			children = (
				B97B6B9525DAED0700972895 /* My_BookshelfUITests.swift */,
				B97B6B9725DAED0700972895 /* Info.plist */,
			);
			path = "My BookshelfUITests";
			sourceTree = "<group>";
		};
		B97B6BC425DB4DD600972895 /* Model */ = {
			isa = PBXGroup;
			children = (
				B97B6BC525DB4E0400972895 /* BookInfo.swift */,
				B95E79A825DDF2B100DDBC44 /* BookDetail.swift */,
			);
			path = Model;
			sourceTree = "<group>";
		};
/* End PBXGroup section */

/* Begin PBXNativeTarget section */
		B97B6B6F25DAED0500972895 /* My Bookshelf */ = {
			isa = PBXNativeTarget;
			buildConfigurationList = B97B6B9A25DAED0700972895 /* Build configuration list for PBXNativeTarget "My Bookshelf" */;
			buildPhases = (
				B97B6B6C25DAED0500972895 /* Sources */,
				B97B6B6D25DAED0500972895 /* Frameworks */,
				B97B6B6E25DAED0500972895 /* Resources */,
			);
			buildRules = (
			);
			dependencies = (
			);
			name = "My Bookshelf";
			productName = "My Bookshelf";
			productReference = B97B6B7025DAED0500972895 /* My Bookshelf.app */;
			productType = "com.apple.product-type.application";
		};
		B97B6B8525DAED0700972895 /* My BookshelfTests */ = {
			isa = PBXNativeTarget;
			buildConfigurationList = B97B6B9D25DAED0700972895 /* Build configuration list for PBXNativeTarget "My BookshelfTests" */;
			buildPhases = (
				B97B6B8225DAED0700972895 /* Sources */,
				B97B6B8325DAED0700972895 /* Frameworks */,
				B97B6B8425DAED0700972895 /* Resources */,
			);
			buildRules = (
			);
			dependencies = (
				B97B6B8825DAED0700972895 /* PBXTargetDependency */,
			);
			name = "My BookshelfTests";
			productName = "My BookshelfTests";
			productReference = B97B6B8625DAED0700972895 /* My BookshelfTests.xctest */;
			productType = "com.apple.product-type.bundle.unit-test";
		};
		B97B6B9025DAED0700972895 /* My BookshelfUITests */ = {
			isa = PBXNativeTarget;
			buildConfigurationList = B97B6BA025DAED0700972895 /* Build configuration list for PBXNativeTarget "My BookshelfUITests" */;
			buildPhases = (
				B97B6B8D25DAED0700972895 /* Sources */,
				B97B6B8E25DAED0700972895 /* Frameworks */,
				B97B6B8F25DAED0700972895 /* Resources */,
			);
			buildRules = (
			);
			dependencies = (
				B97B6B9325DAED0700972895 /* PBXTargetDependency */,
			);
			name = "My BookshelfUITests";
			productName = "My BookshelfUITests";
			productReference = B97B6B9125DAED0700972895 /* My BookshelfUITests.xctest */;
			productType = "com.apple.product-type.bundle.ui-testing";
		};
/* End PBXNativeTarget section */

/* Begin PBXProject section */
		B97B6B6825DAED0500972895 /* Project object */ = {
			isa = PBXProject;
			attributes = {
				LastSwiftUpdateCheck = 1240;
				LastUpgradeCheck = 1240;
				TargetAttributes = {
					B97B6B6F25DAED0500972895 = {
						CreatedOnToolsVersion = 12.4;
					};
					B97B6B8525DAED0700972895 = {
						CreatedOnToolsVersion = 12.4;
						TestTargetID = B97B6B6F25DAED0500972895;
					};
					B97B6B9025DAED0700972895 = {
						CreatedOnToolsVersion = 12.4;
						TestTargetID = B97B6B6F25DAED0500972895;
					};
				};
			};
			buildConfigurationList = B97B6B6B25DAED0500972895 /* Build configuration list for PBXProject "My Bookshelf" */;
			compatibilityVersion = "Xcode 9.3";
			developmentRegion = en;
			hasScannedForEncodings = 0;
			knownRegions = (
				en,
				Base,
			);
			mainGroup = B97B6B6725DAED0500972895;
			productRefGroup = B97B6B7125DAED0500972895 /* Products */;
			projectDirPath = "";
			projectRoot = "";
			targets = (
				B97B6B6F25DAED0500972895 /* My Bookshelf */,
				B97B6B8525DAED0700972895 /* My BookshelfTests */,
				B97B6B9025DAED0700972895 /* My BookshelfUITests */,
			);
		};
/* End PBXProject section */

/* Begin PBXResourcesBuildPhase section */
		B97B6B6E25DAED0500972895 /* Resources */ = {
			isa = PBXResourcesBuildPhase;
			buildActionMask = 2147483647;
			files = (
				B97B6B8025DAED0700972895 /* LaunchScreen.storyboard in Resources */,
				B97B6B7D25DAED0700972895 /* Assets.xcassets in Resources */,
			);
			runOnlyForDeploymentPostprocessing = 0;
		};
		B97B6B8425DAED0700972895 /* Resources */ = {
			isa = PBXResourcesBuildPhase;
			buildActionMask = 2147483647;
			files = (
			);
			runOnlyForDeploymentPostprocessing = 0;
		};
		B97B6B8F25DAED0700972895 /* Resources */ = {
			isa = PBXResourcesBuildPhase;
			buildActionMask = 2147483647;
			files = (
			);
			runOnlyForDeploymentPostprocessing = 0;
		};
/* End PBXResourcesBuildPhase section */

/* Begin PBXSourcesBuildPhase section */
		B97B6B6C25DAED0500972895 /* Sources */ = {
			isa = PBXSourcesBuildPhase;
			buildActionMask = 2147483647;
			files = (
				B95E9E7D25DEE6D0008ED958 /* BookPriceDescTableViewCell.swift in Sources */,
				B97B6BCE25DB51D000972895 /* RequestBookInfo.swift in Sources */,
				B97B6BC625DB4E0400972895 /* BookInfo.swift in Sources */,
				B97B6BA725DAEFE400972895 /* BookInfoTableViewCell.swift in Sources */,
				B95E79B225DE205000DDBC44 /* BookDetailImageInfoTableViewCell.swift in Sources */,
				B97B6B7825DAED0500972895 /* SearchViewController.swift in Sources */,
				B9756B4925DCBC06000B012C /* BookImageView.swift in Sources */,
				B95E79A925DDF2B100DDBC44 /* BookDetail.swift in Sources */,
				B97B6B7425DAED0500972895 /* AppDelegate.swift in Sources */,
				B9EC858A25E0B5CF002BFA19 /* BooksListViewModel.swift in Sources */,
				B96CB16A25DDB58A008874CF /* DetailBookViewController.swift in Sources */,
				B97B6B7625DAED0500972895 /* SceneDelegate.swift in Sources */,
			);
			runOnlyForDeploymentPostprocessing = 0;
		};
		B97B6B8225DAED0700972895 /* Sources */ = {
			isa = PBXSourcesBuildPhase;
			buildActionMask = 2147483647;
			files = (
				B97B6BC025DB4A5C00972895 /* BookInfoDataTest.swift in Sources */,
				B97B6B8B25DAED0700972895 /* My_BookshelfTests.swift in Sources */,
			);
			runOnlyForDeploymentPostprocessing = 0;
		};
		B97B6B8D25DAED0700972895 /* Sources */ = {
			isa = PBXSourcesBuildPhase;
			buildActionMask = 2147483647;
			files = (
				B97B6B9625DAED0700972895 /* My_BookshelfUITests.swift in Sources */,
			);
			runOnlyForDeploymentPostprocessing = 0;
		};
/* End PBXSourcesBuildPhase section */

/* Begin PBXTargetDependency section */
		B97B6B8825DAED0700972895 /* PBXTargetDependency */ = {
			isa = PBXTargetDependency;
			target = B97B6B6F25DAED0500972895 /* My Bookshelf */;
			targetProxy = B97B6B8725DAED0700972895 /* PBXContainerItemProxy */;
		};
		B97B6B9325DAED0700972895 /* PBXTargetDependency */ = {
			isa = PBXTargetDependency;
			target = B97B6B6F25DAED0500972895 /* My Bookshelf */;
			targetProxy = B97B6B9225DAED0700972895 /* PBXContainerItemProxy */;
		};
/* End PBXTargetDependency section */

/* Begin PBXVariantGroup section */
		B97B6B7E25DAED0700972895 /* LaunchScreen.storyboard */ = {
			isa = PBXVariantGroup;
			children = (
				B97B6B7F25DAED0700972895 /* Base */,
			);
			name = LaunchScreen.storyboard;
			sourceTree = "<group>";
		};
/* End PBXVariantGroup section */

/* Begin XCBuildConfiguration section */
		B97B6B9825DAED0700972895 /* Debug */ = {
			isa = XCBuildConfiguration;
			buildSettings = {
				ALWAYS_SEARCH_USER_PATHS = NO;
				CLANG_ANALYZER_NONNULL = YES;
				CLANG_ANALYZER_NUMBER_OBJECT_CONVERSION = YES_AGGRESSIVE;
				CLANG_CXX_LANGUAGE_STANDARD = "gnu++14";
				CLANG_CXX_LIBRARY = "libc++";
				CLANG_ENABLE_MODULES = YES;
				CLANG_ENABLE_OBJC_ARC = YES;
				CLANG_ENABLE_OBJC_WEAK = YES;
				CLANG_WARN_BLOCK_CAPTURE_AUTORELEASING = YES;
				CLANG_WARN_BOOL_CONVERSION = YES;
				CLANG_WARN_COMMA = YES;
				CLANG_WARN_CONSTANT_CONVERSION = YES;
				CLANG_WARN_DEPRECATED_OBJC_IMPLEMENTATIONS = YES;
				CLANG_WARN_DIRECT_OBJC_ISA_USAGE = YES_ERROR;
				CLANG_WARN_DOCUMENTATION_COMMENTS = YES;
				CLANG_WARN_EMPTY_BODY = YES;
				CLANG_WARN_ENUM_CONVERSION = YES;
				CLANG_WARN_INFINITE_RECURSION = YES;
				CLANG_WARN_INT_CONVERSION = YES;
				CLANG_WARN_NON_LITERAL_NULL_CONVERSION = YES;
				CLANG_WARN_OBJC_IMPLICIT_RETAIN_SELF = YES;
				CLANG_WARN_OBJC_LITERAL_CONVERSION = YES;
				CLANG_WARN_OBJC_ROOT_CLASS = YES_ERROR;
				CLANG_WARN_QUOTED_INCLUDE_IN_FRAMEWORK_HEADER = YES;
				CLANG_WARN_RANGE_LOOP_ANALYSIS = YES;
				CLANG_WARN_STRICT_PROTOTYPES = YES;
				CLANG_WARN_SUSPICIOUS_MOVE = YES;
				CLANG_WARN_UNGUARDED_AVAILABILITY = YES_AGGRESSIVE;
				CLANG_WARN_UNREACHABLE_CODE = YES;
				CLANG_WARN__DUPLICATE_METHOD_MATCH = YES;
				COPY_PHASE_STRIP = NO;
				DEBUG_INFORMATION_FORMAT = dwarf;
				ENABLE_STRICT_OBJC_MSGSEND = YES;
				ENABLE_TESTABILITY = YES;
				GCC_C_LANGUAGE_STANDARD = gnu11;
				GCC_DYNAMIC_NO_PIC = NO;
				GCC_NO_COMMON_BLOCKS = YES;
				GCC_OPTIMIZATION_LEVEL = 0;
				GCC_PREPROCESSOR_DEFINITIONS = (
					"DEBUG=1",
					"$(inherited)",
				);
				GCC_WARN_64_TO_32_BIT_CONVERSION = YES;
				GCC_WARN_ABOUT_RETURN_TYPE = YES_ERROR;
				GCC_WARN_UNDECLARED_SELECTOR = YES;
				GCC_WARN_UNINITIALIZED_AUTOS = YES_AGGRESSIVE;
				GCC_WARN_UNUSED_FUNCTION = YES;
				GCC_WARN_UNUSED_VARIABLE = YES;
				IPHONEOS_DEPLOYMENT_TARGET = 14.4;
				MTL_ENABLE_DEBUG_INFO = INCLUDE_SOURCE;
				MTL_FAST_MATH = YES;
				ONLY_ACTIVE_ARCH = YES;
				SDKROOT = iphoneos;
				SWIFT_ACTIVE_COMPILATION_CONDITIONS = DEBUG;
				SWIFT_OPTIMIZATION_LEVEL = "-Onone";
			};
			name = Debug;
		};
		B97B6B9925DAED0700972895 /* Release */ = {
			isa = XCBuildConfiguration;
			buildSettings = {
				ALWAYS_SEARCH_USER_PATHS = NO;
				CLANG_ANALYZER_NONNULL = YES;
				CLANG_ANALYZER_NUMBER_OBJECT_CONVERSION = YES_AGGRESSIVE;
				CLANG_CXX_LANGUAGE_STANDARD = "gnu++14";
				CLANG_CXX_LIBRARY = "libc++";
				CLANG_ENABLE_MODULES = YES;
				CLANG_ENABLE_OBJC_ARC = YES;
				CLANG_ENABLE_OBJC_WEAK = YES;
				CLANG_WARN_BLOCK_CAPTURE_AUTORELEASING = YES;
				CLANG_WARN_BOOL_CONVERSION = YES;
				CLANG_WARN_COMMA = YES;
				CLANG_WARN_CONSTANT_CONVERSION = YES;
				CLANG_WARN_DEPRECATED_OBJC_IMPLEMENTATIONS = YES;
				CLANG_WARN_DIRECT_OBJC_ISA_USAGE = YES_ERROR;
				CLANG_WARN_DOCUMENTATION_COMMENTS = YES;
				CLANG_WARN_EMPTY_BODY = YES;
				CLANG_WARN_ENUM_CONVERSION = YES;
				CLANG_WARN_INFINITE_RECURSION = YES;
				CLANG_WARN_INT_CONVERSION = YES;
				CLANG_WARN_NON_LITERAL_NULL_CONVERSION = YES;
				CLANG_WARN_OBJC_IMPLICIT_RETAIN_SELF = YES;
				CLANG_WARN_OBJC_LITERAL_CONVERSION = YES;
				CLANG_WARN_OBJC_ROOT_CLASS = YES_ERROR;
				CLANG_WARN_QUOTED_INCLUDE_IN_FRAMEWORK_HEADER = YES;
				CLANG_WARN_RANGE_LOOP_ANALYSIS = YES;
				CLANG_WARN_STRICT_PROTOTYPES = YES;
				CLANG_WARN_SUSPICIOUS_MOVE = YES;
				CLANG_WARN_UNGUARDED_AVAILABILITY = YES_AGGRESSIVE;
				CLANG_WARN_UNREACHABLE_CODE = YES;
				CLANG_WARN__DUPLICATE_METHOD_MATCH = YES;
				COPY_PHASE_STRIP = NO;
				DEBUG_INFORMATION_FORMAT = "dwarf-with-dsym";
				ENABLE_NS_ASSERTIONS = NO;
				ENABLE_STRICT_OBJC_MSGSEND = YES;
				GCC_C_LANGUAGE_STANDARD = gnu11;
				GCC_NO_COMMON_BLOCKS = YES;
				GCC_WARN_64_TO_32_BIT_CONVERSION = YES;
				GCC_WARN_ABOUT_RETURN_TYPE = YES_ERROR;
				GCC_WARN_UNDECLARED_SELECTOR = YES;
				GCC_WARN_UNINITIALIZED_AUTOS = YES_AGGRESSIVE;
				GCC_WARN_UNUSED_FUNCTION = YES;
				GCC_WARN_UNUSED_VARIABLE = YES;
				IPHONEOS_DEPLOYMENT_TARGET = 14.4;
				MTL_ENABLE_DEBUG_INFO = NO;
				MTL_FAST_MATH = YES;
				SDKROOT = iphoneos;
				SWIFT_COMPILATION_MODE = wholemodule;
				SWIFT_OPTIMIZATION_LEVEL = "-O";
				VALIDATE_PRODUCT = YES;
			};
			name = Release;
		};
		B97B6B9B25DAED0700972895 /* Debug */ = {
			isa = XCBuildConfiguration;
			buildSettings = {
				ASSETCATALOG_COMPILER_APPICON_NAME = AppIcon;
				ASSETCATALOG_COMPILER_GLOBAL_ACCENT_COLOR_NAME = AccentColor;
				CODE_SIGN_STYLE = Automatic;
				INFOPLIST_FILE = "My Bookshelf/Info.plist";
				LD_RUNPATH_SEARCH_PATHS = (
					"$(inherited)",
					"@executable_path/Frameworks",
				);
				PRODUCT_BUNDLE_IDENTIFIER = "com.wjapp.My-Bookshelf";
				PRODUCT_NAME = "$(TARGET_NAME)";
				SWIFT_VERSION = 5.0;
				TARGETED_DEVICE_FAMILY = "1,2";
			};
			name = Debug;
		};
		B97B6B9C25DAED0700972895 /* Release */ = {
			isa = XCBuildConfiguration;
			buildSettings = {
				ASSETCATALOG_COMPILER_APPICON_NAME = AppIcon;
				ASSETCATALOG_COMPILER_GLOBAL_ACCENT_COLOR_NAME = AccentColor;
				CODE_SIGN_STYLE = Automatic;
				INFOPLIST_FILE = "My Bookshelf/Info.plist";
				LD_RUNPATH_SEARCH_PATHS = (
					"$(inherited)",
					"@executable_path/Frameworks",
				);
				PRODUCT_BUNDLE_IDENTIFIER = "com.wjapp.My-Bookshelf";
				PRODUCT_NAME = "$(TARGET_NAME)";
				SWIFT_VERSION = 5.0;
				TARGETED_DEVICE_FAMILY = "1,2";
			};
			name = Release;
		};
		B97B6B9E25DAED0700972895 /* Debug */ = {
			isa = XCBuildConfiguration;
			buildSettings = {
				ALWAYS_EMBED_SWIFT_STANDARD_LIBRARIES = YES;
				BUNDLE_LOADER = "$(TEST_HOST)";
				CODE_SIGN_STYLE = Automatic;
				INFOPLIST_FILE = "My BookshelfTests/Info.plist";
				IPHONEOS_DEPLOYMENT_TARGET = 14.4;
				LD_RUNPATH_SEARCH_PATHS = (
					"$(inherited)",
					"@executable_path/Frameworks",
					"@loader_path/Frameworks",
				);
				PRODUCT_BUNDLE_IDENTIFIER = "com.wjapp.My-BookshelfTests";
				PRODUCT_NAME = "$(TARGET_NAME)";
				SWIFT_VERSION = 5.0;
				TARGETED_DEVICE_FAMILY = "1,2";
				TEST_HOST = "$(BUILT_PRODUCTS_DIR)/My Bookshelf.app/My Bookshelf";
			};
			name = Debug;
		};
		B97B6B9F25DAED0700972895 /* Release */ = {
			isa = XCBuildConfiguration;
			buildSettings = {
				ALWAYS_EMBED_SWIFT_STANDARD_LIBRARIES = YES;
				BUNDLE_LOADER = "$(TEST_HOST)";
				CODE_SIGN_STYLE = Automatic;
				INFOPLIST_FILE = "My BookshelfTests/Info.plist";
				IPHONEOS_DEPLOYMENT_TARGET = 14.4;
				LD_RUNPATH_SEARCH_PATHS = (
					"$(inherited)",
					"@executable_path/Frameworks",
					"@loader_path/Frameworks",
				);
				PRODUCT_BUNDLE_IDENTIFIER = "com.wjapp.My-BookshelfTests";
				PRODUCT_NAME = "$(TARGET_NAME)";
				SWIFT_VERSION = 5.0;
				TARGETED_DEVICE_FAMILY = "1,2";
				TEST_HOST = "$(BUILT_PRODUCTS_DIR)/My Bookshelf.app/My Bookshelf";
			};
			name = Release;
		};
		B97B6BA125DAED0700972895 /* Debug */ = {
			isa = XCBuildConfiguration;
			buildSettings = {
				ALWAYS_EMBED_SWIFT_STANDARD_LIBRARIES = YES;
				CODE_SIGN_STYLE = Automatic;
				INFOPLIST_FILE = "My BookshelfUITests/Info.plist";
				LD_RUNPATH_SEARCH_PATHS = (
					"$(inherited)",
					"@executable_path/Frameworks",
					"@loader_path/Frameworks",
				);
				PRODUCT_BUNDLE_IDENTIFIER = "com.wjapp.My-BookshelfUITests";
				PRODUCT_NAME = "$(TARGET_NAME)";
				SWIFT_VERSION = 5.0;
				TARGETED_DEVICE_FAMILY = "1,2";
				TEST_TARGET_NAME = "My Bookshelf";
			};
			name = Debug;
		};
		B97B6BA225DAED0700972895 /* Release */ = {
			isa = XCBuildConfiguration;
			buildSettings = {
				ALWAYS_EMBED_SWIFT_STANDARD_LIBRARIES = YES;
				CODE_SIGN_STYLE = Automatic;
				INFOPLIST_FILE = "My BookshelfUITests/Info.plist";
				LD_RUNPATH_SEARCH_PATHS = (
					"$(inherited)",
					"@executable_path/Frameworks",
					"@loader_path/Frameworks",
				);
				PRODUCT_BUNDLE_IDENTIFIER = "com.wjapp.My-BookshelfUITests";
				PRODUCT_NAME = "$(TARGET_NAME)";
				SWIFT_VERSION = 5.0;
				TARGETED_DEVICE_FAMILY = "1,2";
				TEST_TARGET_NAME = "My Bookshelf";
			};
			name = Release;
		};
/* End XCBuildConfiguration section */

/* Begin XCConfigurationList section */
		B97B6B6B25DAED0500972895 /* Build configuration list for PBXProject "My Bookshelf" */ = {
			isa = XCConfigurationList;
			buildConfigurations = (
				B97B6B9825DAED0700972895 /* Debug */,
				B97B6B9925DAED0700972895 /* Release */,
			);
			defaultConfigurationIsVisible = 0;
			defaultConfigurationName = Release;
		};
		B97B6B9A25DAED0700972895 /* Build configuration list for PBXNativeTarget "My Bookshelf" */ = {
			isa = XCConfigurationList;
			buildConfigurations = (
				B97B6B9B25DAED0700972895 /* Debug */,
				B97B6B9C25DAED0700972895 /* Release */,
			);
			defaultConfigurationIsVisible = 0;
			defaultConfigurationName = Release;
		};
		B97B6B9D25DAED0700972895 /* Build configuration list for PBXNativeTarget "My BookshelfTests" */ = {
			isa = XCConfigurationList;
			buildConfigurations = (
				B97B6B9E25DAED0700972895 /* Debug */,
				B97B6B9F25DAED0700972895 /* Release */,
			);
			defaultConfigurationIsVisible = 0;
			defaultConfigurationName = Release;
		};
		B97B6BA025DAED0700972895 /* Build configuration list for PBXNativeTarget "My BookshelfUITests" */ = {
			isa = XCConfigurationList;
			buildConfigurations = (
				B97B6BA125DAED0700972895 /* Debug */,
				B97B6BA225DAED0700972895 /* Release */,
			);
			defaultConfigurationIsVisible = 0;
			defaultConfigurationName = Release;
		};
/* End XCConfigurationList section */
	};
	rootObject = B97B6B6825DAED0500972895 /* Project object */;
}
